
Microsoft Visual Studio Solution File, Format Version 12.00
# Visual Studio Version 16
VisualStudioVersion = 16.0.30621.155
MinimumVisualStudioVersion = 10.0.40219.1
Project("{8BC9CEB8-8B4A-11D0-8D11-00A0C91BC942}") = "QtApplication3", "QtApplication3\QtApplication3.vcxproj", "{7FB1051D-7FFB-429C-B60A-F697CDF9A796}"
EndProject
Global
	GlobalSection(SolutionConfigurationPlatforms) = preSolution
		Debug|x64 = Debug|x64
		Release|x64 = Release|x64
	EndGlobalSection
	GlobalSection(ProjectConfigurationPlatforms) = postSolution
		{7FB1051D-7FFB-429C-B60A-F697CDF9A796}.Debug|x64.ActiveCfg = Debug|x64
		{7FB1051D-7FFB-429C-B60A-F697CDF9A796}.Debug|x64.Build.0 = Debug|x64
		{7FB1051D-7FFB-429C-B60A-F697CDF9A796}.Release|x64.ActiveCfg = Release|x64
		{7FB1051D-7FFB-429C-B60A-F697CDF9A796}.Release|x64.Build.0 = Release|x64
	EndGlobalSection
	GlobalSection(SolutionProperties) = preSolution
		HideSolutionNode = FALSE
	EndGlobalSection
	GlobalSection(ExtensibilityGlobals) = postSolution
		SolutionGuid = {48771FD9-735B-4916-9A4D-E9B4AD7B57C6}
	EndGlobalSection
EndGlobal
